
Microsoft Visual Studio Solution File, Format Version 12.00
# Visual Studio Version 16
VisualStudioVersion = 16.0.31019.35
MinimumVisualStudioVersion = 10.0.40219.1
Project("{FAE04EC0-301F-11D3-BF4B-00C04F79EFBC}") = "5951071029_NguyenManhHoai_Nhom3", "5951071029_NguyenManhHoai_Nhom3\5951071029_NguyenManhHoai_Nhom3.csproj", "{656B85AE-1587-4AB7-8AC4-E9101C7B90C9}"
EndProject
Global
	GlobalSection(SolutionConfigurationPlatforms) = preSolution
		Debug|Any CPU = Debug|Any CPU
		Release|Any CPU = Release|Any CPU
	EndGlobalSection
	GlobalSection(ProjectConfigurationPlatforms) = postSolution
		{656B85AE-1587-4AB7-8AC4-E9101C7B90C9}.Debug|Any CPU.ActiveCfg = Debug|Any CPU
		{656B85AE-1587-4AB7-8AC4-E9101C7B90C9}.Debug|Any CPU.Build.0 = Debug|Any CPU
		{656B85AE-1587-4AB7-8AC4-E9101C7B90C9}.Release|Any CPU.ActiveCfg = Release|Any CPU
		{656B85AE-1587-4AB7-8AC4-E9101C7B90C9}.Release|Any CPU.Build.0 = Release|Any CPU
	EndGlobalSection
	GlobalSection(SolutionProperties) = preSolution
		HideSolutionNode = FALSE
	EndGlobalSection
	GlobalSection(ExtensibilityGlobals) = postSolution
		SolutionGuid = {38ED6DFF-7EEC-4EEA-9D6C-075D5F8F803E}
	EndGlobalSection
EndGlobal
